
Microsoft Visual Studio Solution File, Format Version 12.00
# Visual Studio 14
VisualStudioVersion = 14.0.25420.1
MinimumVisualStudioVersion = 10.0.40219.1
Project("{2150E333-8FDC-42A3-9474-1A3956D46DE8}") = "Data", "Data", "{2BF6B280-983B-4F71-BA3A-EB3EAE91F364}"
EndProject
Project("{FAE04EC0-301F-11D3-BF4B-00C04F79EFBC}") = "Read.BLL", "F:\jiamy\Web\QingRead\Read.BLL\Read.BLL.csproj", "{3B42E4FF-BDB1-437A-BA35-8D735DDEE477}"
EndProject
Project("{FAE04EC0-301F-11D3-BF4B-00C04F79EFBC}") = "Read.DAL", "F:\jiamy\Web\QingRead\Read.DAL\Read.DAL.csproj", "{05188BC6-8E8F-4F7B-8E7D-B87C890FA286}"
EndProject
Project("{FAE04EC0-301F-11D3-BF4B-00C04F79EFBC}") = "Read.IDAL", "F:\jiamy\Web\QingRead\Read.IDAL\Read.IDAL.csproj", "{CA2410CB-D836-4D5C-9656-1DE8AC4E74D9}"
EndProject
Project("{FAE04EC0-301F-11D3-BF4B-00C04F79EFBC}") = "Read.Model", "F:\jiamy\Web\QingRead\Read.Model\Read.Model.csproj", "{839C615C-DA97-4612-9CFC-B0A4DA2D8338}"
EndProject
Project("{FAE04EC0-301F-11D3-BF4B-00C04F79EFBC}") = "Read.Common", "F:\jiamy\Web\QingRead\Common\Read.Common.csproj", "{433E645D-9CD2-404C-B8E3-02598E175C0F}"
EndProject
Project("{FAE04EC0-301F-11D3-BF4B-00C04F79EFBC}") = "QingRead", "QingRead\QingRead.csproj", "{30356D7C-00E8-488D-9740-C629E5C8BF8B}"
EndProject
Global
	GlobalSection(SolutionConfigurationPlatforms) = preSolution
		Debug|Any CPU = Debug|Any CPU
		Release|Any CPU = Release|Any CPU
	EndGlobalSection
	GlobalSection(ProjectConfigurationPlatforms) = postSolution
		{3B42E4FF-BDB1-437A-BA35-8D735DDEE477}.Debug|Any CPU.ActiveCfg = Debug|Any CPU
		{3B42E4FF-BDB1-437A-BA35-8D735DDEE477}.Debug|Any CPU.Build.0 = Debug|Any CPU
		{3B42E4FF-BDB1-437A-BA35-8D735DDEE477}.Release|Any CPU.ActiveCfg = Release|Any CPU
		{3B42E4FF-BDB1-437A-BA35-8D735DDEE477}.Release|Any CPU.Build.0 = Release|Any CPU
		{05188BC6-8E8F-4F7B-8E7D-B87C890FA286}.Debug|Any CPU.ActiveCfg = Debug|Any CPU
		{05188BC6-8E8F-4F7B-8E7D-B87C890FA286}.Debug|Any CPU.Build.0 = Debug|Any CPU
		{05188BC6-8E8F-4F7B-8E7D-B87C890FA286}.Release|Any CPU.ActiveCfg = Release|Any CPU
		{05188BC6-8E8F-4F7B-8E7D-B87C890FA286}.Release|Any CPU.Build.0 = Release|Any CPU
		{CA2410CB-D836-4D5C-9656-1DE8AC4E74D9}.Debug|Any CPU.ActiveCfg = Debug|Any CPU
		{CA2410CB-D836-4D5C-9656-1DE8AC4E74D9}.Debug|Any CPU.Build.0 = Debug|Any CPU
		{CA2410CB-D836-4D5C-9656-1DE8AC4E74D9}.Release|Any CPU.ActiveCfg = Release|Any CPU
		{CA2410CB-D836-4D5C-9656-1DE8AC4E74D9}.Release|Any CPU.Build.0 = Release|Any CPU
		{839C615C-DA97-4612-9CFC-B0A4DA2D8338}.Debug|Any CPU.ActiveCfg = Debug|Any CPU
		{839C615C-DA97-4612-9CFC-B0A4DA2D8338}.Debug|Any CPU.Build.0 = Debug|Any CPU
		{839C615C-DA97-4612-9CFC-B0A4DA2D8338}.Release|Any CPU.ActiveCfg = Release|Any CPU
		{839C615C-DA97-4612-9CFC-B0A4DA2D8338}.Release|Any CPU.Build.0 = Release|Any CPU
		{433E645D-9CD2-404C-B8E3-02598E175C0F}.Debug|Any CPU.ActiveCfg = Debug|Any CPU
		{433E645D-9CD2-404C-B8E3-02598E175C0F}.Debug|Any CPU.Build.0 = Debug|Any CPU
		{433E645D-9CD2-404C-B8E3-02598E175C0F}.Release|Any CPU.ActiveCfg = Release|Any CPU
		{433E645D-9CD2-404C-B8E3-02598E175C0F}.Release|Any CPU.Build.0 = Release|Any CPU
		{30356D7C-00E8-488D-9740-C629E5C8BF8B}.Debug|Any CPU.ActiveCfg = Debug|Any CPU
		{30356D7C-00E8-488D-9740-C629E5C8BF8B}.Debug|Any CPU.Build.0 = Debug|Any CPU
		{30356D7C-00E8-488D-9740-C629E5C8BF8B}.Release|Any CPU.ActiveCfg = Release|Any CPU
		{30356D7C-00E8-488D-9740-C629E5C8BF8B}.Release|Any CPU.Build.0 = Release|Any CPU
	EndGlobalSection
	GlobalSection(SolutionProperties) = preSolution
		HideSolutionNode = FALSE
	EndGlobalSection
	GlobalSection(NestedProjects) = preSolution
		{3B42E4FF-BDB1-437A-BA35-8D735DDEE477} = {2BF6B280-983B-4F71-BA3A-EB3EAE91F364}
		{05188BC6-8E8F-4F7B-8E7D-B87C890FA286} = {2BF6B280-983B-4F71-BA3A-EB3EAE91F364}
		{CA2410CB-D836-4D5C-9656-1DE8AC4E74D9} = {2BF6B280-983B-4F71-BA3A-EB3EAE91F364}
		{839C615C-DA97-4612-9CFC-B0A4DA2D8338} = {2BF6B280-983B-4F71-BA3A-EB3EAE91F364}
	EndGlobalSection
EndGlobal
